Microsoft Visual Studio Solution File, Format Version 12.00
# Visual Studio 15
Project("{8BC9CEB8-8B4A-11D0-8D11-00A0C91BC942}") = "ALL_BUILD", "ALL_BUILD.vcxproj", "{C2472BAF-FA99-3F29-B050-C5191A90E8D5}"
	ProjectSection(ProjectDependencies) = postProject
		{775AFFD9-DC40-3ABA-A8A2-39EAC2FE96F0} = {775AFFD9-DC40-3ABA-A8A2-39EAC2FE96F0}
		{CC546458-AB77-3539-BB1C-5479357BA619} = {CC546458-AB77-3539-BB1C-5479357BA619}
		{36B3C2F9-9224-30C5-A18B-552D98009B7E} = {36B3C2F9-9224-30C5-A18B-552D98009B7E}
		{DA4EF8A2-87C5-3792-8D04-CE76D8127369} = {DA4EF8A2-87C5-3792-8D04-CE76D8127369}
		{4BE5BC1C-EFB0-333A-AB29-B1888FBA9853} = {4BE5BC1C-EFB0-333A-AB29-B1888FBA9853}
	EndProjectSection
EndProject
Project("{8BC9CEB8-8B4A-11D0-8D11-00A0C91BC942}") = "INSTALL", "INSTALL.vcxproj", "{2B3629B7-79BE-3639-BFDA-71E98B718406}"
	ProjectSection(ProjectDependencies) = postProject
		{C2472BAF-FA99-3F29-B050-C5191A90E8D5} = {C2472BAF-FA99-3F29-B050-C5191A90E8D5}
		{775AFFD9-DC40-3ABA-A8A2-39EAC2FE96F0} = {775AFFD9-DC40-3ABA-A8A2-39EAC2FE96F0}
	EndProjectSection
EndProject
Project("{8BC9CEB8-8B4A-11D0-8D11-00A0C91BC942}") = "PACKAGE", "PACKAGE.vcxproj", "{82D22A95-664F-3F0E-9805-2F41B0F0EE0A}"
	ProjectSection(ProjectDependencies) = postProject
		{C2472BAF-FA99-3F29-B050-C5191A90E8D5} = {C2472BAF-FA99-3F29-B050-C5191A90E8D5}
		{775AFFD9-DC40-3ABA-A8A2-39EAC2FE96F0} = {775AFFD9-DC40-3ABA-A8A2-39EAC2FE96F0}
	EndProjectSection
EndProject
Project("{8BC9CEB8-8B4A-11D0-8D11-00A0C91BC942}") = "ZERO_CHECK", "..\\ZERO_CHECK.vcxproj", "{775AFFD9-DC40-3ABA-A8A2-39EAC2FE96F0}"
	ProjectSection(ProjectDependencies) = postProject
	EndProjectSection
EndProject
Project("{8BC9CEB8-8B4A-11D0-8D11-00A0C91BC942}") = "glew64", "glew64.vcxproj", "{CC546458-AB77-3539-BB1C-5479357BA619}"
	ProjectSection(ProjectDependencies) = postProject
		{775AFFD9-DC40-3ABA-A8A2-39EAC2FE96F0} = {775AFFD9-DC40-3ABA-A8A2-39EAC2FE96F0}
	EndProjectSection
EndProject
Project("{8BC9CEB8-8B4A-11D0-8D11-00A0C91BC942}") = "glew64mx", "glew64mx.vcxproj", "{36B3C2F9-9224-30C5-A18B-552D98009B7E}"
	ProjectSection(ProjectDependencies) = postProject
		{775AFFD9-DC40-3ABA-A8A2-39EAC2FE96F0} = {775AFFD9-DC40-3ABA-A8A2-39EAC2FE96F0}
	EndProjectSection
EndProject
Project("{8BC9CEB8-8B4A-11D0-8D11-00A0C91BC942}") = "glew64mxs", "glew64mxs.vcxproj", "{DA4EF8A2-87C5-3792-8D04-CE76D8127369}"
	ProjectSection(ProjectDependencies) = postProject
		{775AFFD9-DC40-3ABA-A8A2-39EAC2FE96F0} = {775AFFD9-DC40-3ABA-A8A2-39EAC2FE96F0}
	EndProjectSection
EndProject
Project("{8BC9CEB8-8B4A-11D0-8D11-00A0C91BC942}") = "glew64s", "glew64s.vcxproj", "{4BE5BC1C-EFB0-333A-AB29-B1888FBA9853}"
	ProjectSection(ProjectDependencies) = postProject
		{775AFFD9-DC40-3ABA-A8A2-39EAC2FE96F0} = {775AFFD9-DC40-3ABA-A8A2-39EAC2FE96F0}
	EndProjectSection
EndProject
Global
	GlobalSection(SolutionConfigurationPlatforms) = preSolution
		Debug|x64 = Debug|x64
		Release|x64 = Release|x64
		MinSizeRel|x64 = MinSizeRel|x64
		RelWithDebInfo|x64 = RelWithDebInfo|x64
	EndGlobalSection
	GlobalSection(ProjectConfigurationPlatforms) = postSolution
		{C2472BAF-FA99-3F29-B050-C5191A90E8D5}.Debug|x64.ActiveCfg = Debug|x64
		{C2472BAF-FA99-3F29-B050-C5191A90E8D5}.Debug|x64.Build.0 = Debug|x64
		{C2472BAF-FA99-3F29-B050-C5191A90E8D5}.Release|x64.ActiveCfg = Release|x64
		{C2472BAF-FA99-3F29-B050-C5191A90E8D5}.Release|x64.Build.0 = Release|x64
		{C2472BAF-FA99-3F29-B050-C5191A90E8D5}.MinSizeRel|x64.ActiveCfg = MinSizeRel|x64
		{C2472BAF-FA99-3F29-B050-C5191A90E8D5}.MinSizeRel|x64.Build.0 = MinSizeRel|x64
		{C2472BAF-FA99-3F29-B050-C5191A90E8D5}.RelWithDebInfo|x64.ActiveCfg = RelWithDebInfo|x64
		{C2472BAF-FA99-3F29-B050-C5191A90E8D5}.RelWithDebInfo|x64.Build.0 = RelWithDebInfo|x64
		{2B3629B7-79BE-3639-BFDA-71E98B718406}.Debug|x64.ActiveCfg = Debug|x64
		{2B3629B7-79BE-3639-BFDA-71E98B718406}.Release|x64.ActiveCfg = Release|x64
		{2B3629B7-79BE-3639-BFDA-71E98B718406}.MinSizeRel|x64.ActiveCfg = MinSizeRel|x64
		{2B3629B7-79BE-3639-BFDA-71E98B718406}.RelWithDebInfo|x64.ActiveCfg = RelWithDebInfo|x64
		{82D22A95-664F-3F0E-9805-2F41B0F0EE0A}.Debug|x64.ActiveCfg = Debug|x64
		{82D22A95-664F-3F0E-9805-2F41B0F0EE0A}.Release|x64.ActiveCfg = Release|x64
		{82D22A95-664F-3F0E-9805-2F41B0F0EE0A}.MinSizeRel|x64.ActiveCfg = MinSizeRel|x64
		{82D22A95-664F-3F0E-9805-2F41B0F0EE0A}.RelWithDebInfo|x64.ActiveCfg = RelWithDebInfo|x64
		{775AFFD9-DC40-3ABA-A8A2-39EAC2FE96F0}.Debug|x64.ActiveCfg = Debug|x64
		{775AFFD9-DC40-3ABA-A8A2-39EAC2FE96F0}.Debug|x64.Build.0 = Debug|x64
		{775AFFD9-DC40-3ABA-A8A2-39EAC2FE96F0}.Release|x64.ActiveCfg = Release|x64
		{775AFFD9-DC40-3ABA-A8A2-39EAC2FE96F0}.Release|x64.Build.0 = Release|x64
		{775AFFD9-DC40-3ABA-A8A2-39EAC2FE96F0}.MinSizeRel|x64.ActiveCfg = MinSizeRel|x64
		{775AFFD9-DC40-3ABA-A8A2-39EAC2FE96F0}.MinSizeRel|x64.Build.0 = MinSizeRel|x64
		{775AFFD9-DC40-3ABA-A8A2-39EAC2FE96F0}.RelWithDebInfo|x64.ActiveCfg = RelWithDebInfo|x64
		{775AFFD9-DC40-3ABA-A8A2-39EAC2FE96F0}.RelWithDebInfo|x64.Build.0 = RelWithDebInfo|x64
		{CC546458-AB77-3539-BB1C-5479357BA619}.Debug|x64.ActiveCfg = Debug|x64
		{CC546458-AB77-3539-BB1C-5479357BA619}.Debug|x64.Build.0 = Debug|x64
		{CC546458-AB77-3539-BB1C-5479357BA619}.Release|x64.ActiveCfg = Release|x64
		{CC546458-AB77-3539-BB1C-5479357BA619}.Release|x64.Build.0 = Release|x64
		{CC546458-AB77-3539-BB1C-5479357BA619}.MinSizeRel|x64.ActiveCfg = MinSizeRel|x64
		{CC546458-AB77-3539-BB1C-5479357BA619}.MinSizeRel|x64.Build.0 = MinSizeRel|x64
		{CC546458-AB77-3539-BB1C-5479357BA619}.RelWithDebInfo|x64.ActiveCfg = RelWithDebInfo|x64
		{CC546458-AB77-3539-BB1C-5479357BA619}.RelWithDebInfo|x64.Build.0 = RelWithDebInfo|x64
		{36B3C2F9-9224-30C5-A18B-552D98009B7E}.Debug|x64.ActiveCfg = Debug|x64
		{36B3C2F9-9224-30C5-A18B-552D98009B7E}.Debug|x64.Build.0 = Debug|x64
		{36B3C2F9-9224-30C5-A18B-552D98009B7E}.Release|x64.ActiveCfg = Release|x64
		{36B3C2F9-9224-30C5-A18B-552D98009B7E}.Release|x64.Build.0 = Release|x64
		{36B3C2F9-9224-30C5-A18B-552D98009B7E}.MinSizeRel|x64.ActiveCfg = MinSizeRel|x64
		{36B3C2F9-9224-30C5-A18B-552D98009B7E}.MinSizeRel|x64.Build.0 = MinSizeRel|x64
		{36B3C2F9-9224-30C5-A18B-552D98009B7E}.RelWithDebInfo|x64.ActiveCfg = RelWithDebInfo|x64
		{36B3C2F9-9224-30C5-A18B-552D98009B7E}.RelWithDebInfo|x64.Build.0 = RelWithDebInfo|x64
		{DA4EF8A2-87C5-3792-8D04-CE76D8127369}.Debug|x64.ActiveCfg = Debug|x64
		{DA4EF8A2-87C5-3792-8D04-CE76D8127369}.Debug|x64.Build.0 = Debug|x64
		{DA4EF8A2-87C5-3792-8D04-CE76D8127369}.Release|x64.ActiveCfg = Release|x64
		{DA4EF8A2-87C5-3792-8D04-CE76D8127369}.Release|x64.Build.0 = Release|x64
		{DA4EF8A2-87C5-3792-8D04-CE76D8127369}.MinSizeRel|x64.ActiveCfg = MinSizeRel|x64
		{DA4EF8A2-87C5-3792-8D04-CE76D8127369}.MinSizeRel|x64.Build.0 = MinSizeRel|x64
		{DA4EF8A2-87C5-3792-8D04-CE76D8127369}.RelWithDebInfo|x64.ActiveCfg = RelWithDebInfo|x64
		{DA4EF8A2-87C5-3792-8D04-CE76D8127369}.RelWithDebInfo|x64.Build.0 = RelWithDebInfo|x64
		{4BE5BC1C-EFB0-333A-AB29-B1888FBA9853}.Debug|x64.ActiveCfg = Debug|x64
		{4BE5BC1C-EFB0-333A-AB29-B1888FBA9853}.Debug|x64.Build.0 = Debug|x64
		{4BE5BC1C-EFB0-333A-AB29-B1888FBA9853}.Release|x64.ActiveCfg = Release|x64
		{4BE5BC1C-EFB0-333A-AB29-B1888FBA9853}.Release|x64.Build.0 = Release|x64
		{4BE5BC1C-EFB0-333A-AB29-B1888FBA9853}.MinSizeRel|x64.ActiveCfg = MinSizeRel|x64
		{4BE5BC1C-EFB0-333A-AB29-B1888FBA9853}.MinSizeRel|x64.Build.0 = MinSizeRel|x64
		{4BE5BC1C-EFB0-333A-AB29-B1888FBA9853}.RelWithDebInfo|x64.ActiveCfg = RelWithDebInfo|x64
		{4BE5BC1C-EFB0-333A-AB29-B1888FBA9853}.RelWithDebInfo|x64.Build.0 = RelWithDebInfo|x64
	EndGlobalSection
	GlobalSection(ExtensibilityGlobals) = postSolution
		SolutionGuid = {6C1AB4B4-67DD-3C66-A5C4-E6599601ACAF}
	EndGlobalSection
	GlobalSection(ExtensibilityAddIns) = postSolution
	EndGlobalSection
EndGlobal
